
Microsoft Visual Studio Solution File, Format Version 12.00
# Visual Studio Version 17
VisualStudioVersion = 17.8.34525.116
MinimumVisualStudioVersion = 10.0.40219.1
Project("{FAE04EC0-301F-11D3-BF4B-00C04F79EFBC}") = "Dapper.CRUD", "Dapper.CRUD\Dapper.CRUD.csproj", "{39197068-E260-470E-8588-79271E976CC2}"
EndProject
Global
	GlobalSection(SolutionConfigurationPlatforms) = preSolution
		Debug|Any CPU = Debug|Any CPU
		Release|Any CPU = Release|Any CPU
	EndGlobalSection
	GlobalSection(ProjectConfigurationPlatforms) = postSolution
		{39197068-E260-470E-8588-79271E976CC2}.Debug|Any CPU.ActiveCfg = Debug|Any CPU
		{39197068-E260-470E-8588-79271E976CC2}.Debug|Any CPU.Build.0 = Debug|Any CPU
		{39197068-E260-470E-8588-79271E976CC2}.Release|Any CPU.ActiveCfg = Release|Any CPU
		{39197068-E260-470E-8588-79271E976CC2}.Release|Any CPU.Build.0 = Release|Any CPU
	EndGlobalSection
	GlobalSection(SolutionProperties) = preSolution
		HideSolutionNode = FALSE
	EndGlobalSection
	GlobalSection(ExtensibilityGlobals) = postSolution
		SolutionGuid = {8E4C56CC-BAEA-445C-94DB-D916358C073E}
	EndGlobalSection
EndGlobal
